github.com/appclacks/go-client v0.0.0-20240602132011-291c0d8ca225 h1:Bi2DlXudM58MLRjAEWRNrJe8ChG54r5mE8aJTH6AkUg=
github.com/appclacks/go-client v0.0.0-20240602132011-291c0d8ca225/go.mod h1:ZOQEaU5H5BTLZr326dMjvVbB+pdkeRX3emyu4cEq9GU=
github.com/appclacks/go-client v0.0.0-20240602163908-0de41c983ab7 h1:kTNVmMjdtr/X0ljUCyDCXUzDYnP3JL5fdDMwBSUveOg=
github.com/appclacks/go-client v0.0.0-20240602163908-0de41c983ab7/go.mod h1:ZOQEaU5H5BTLZr326dMjvVbB+pdkeRX3emyu4cEq9GU=
github.com/appclacks/go-client v0.0.0-20240618204225-51a556fa72ba h1://S8sLRrM/2eJLfYXcFOpsP7eDGwKDrHj0rqlXj6uSo=
github.com/appclacks/go-client v0.0.0-20240618204225-51a556fa72ba/go.mod h1:ZOQEaU5H5BTLZr326dMjvVbB+pdkeRX3emyu4cEq9GU=
github.com/appclacks/go-client v0.0.0-20240703201525-421246966bba h1:alp3NoMSmJ9bAw6Ubo02F3z4aBVM5HIkXplKOuaj4mc=
github.com/appclacks/go-client v0.0.0-20240703201525-421246966bba/go.mod h1:ZOQEaU5H5BTLZr326dMjvVbB+pdkeRX3emyu4cEq9GU=
github.com/appclacks/go-client v0.0.0-20240703203820-f7d948812083 h1:ESPN+6uiockjKr2XnTRQBkleMQsT5PH9S/CjVUIUdqg=
github.com/appclacks/go-client v0.0.0-20240703203820-f7d948812083/go.mod h1:ZOQEaU5H5BTLZr326dMjvVbB+pdkeRX3emyu4cEq9GU=
github.com/appclacks/go-client v0.0.0-20240703204325-c8a3257d9e08 h1:vjf4pQGIx8BCj1+wEsNBR04lyVzje74O7ozJQn6JO3w=
github.com/appclacks/go-client v0.0.0-20240703204325-c8a3257d9e08/go.mod h1:ZOQEaU5H5BTLZr326dMjvVbB+pdkeRX3emyu4cEq9GU=
github.com/appclacks/go-client v0.0.0-20240703205617-8b0425724375 h1:eVJ+l4qRByZ2L9O4xl2HC009T7TMw2z5EPnf+ArUH3A=
github.com/appclacks/go-client v0.0.0-20240703205617-8b0425724375/go.mod h1:ZOQEaU5H5BTLZr326dMjvVbB+pdkeRX3emyu4cEq9GU=
github.com/appclacks/go-client v0.0.0-20240704120510-358af014f040 h1:1Y8zxzWnIJJTN35I1m19Pf3Li7eRLQHAoAjjAta5ck4=
github.com/appclacks/go-client v0.0.0-20240704120510-358af014f040/go.mod h1:ZOQEaU5H5BTLZr326dMjvVbB+pdkeRX3emyu4cEq9GU=
github.com/appclacks/go-client v0.0.0-20240715201443-0ce681171dc2 h1:Ep/5yN6WEakl+mVhHSrhmxtxQWKU5ZzA1db+b9N2fTE=
github.com/appclacks/go-client v0.0.0-20240715201443-0ce681171dc2/go.mod h1:ZOQEaU5H5BTLZr326dMjvVbB+pdkeRX3emyu4cEq9GU=
github.com/cheynewallace/tabby v1.1.1 h1:JvUR8waht4Y0S3JF17G6Vhyt+FRhnqVCkk8l4YrOU54=
github.com/cheynewallace/tabby v1.1.1/go.mod h1:Pba/6cUL8uYqvOc9RkyvFbHGrQ9wShyrn6/S/1OYVys=
github.com/cpuguy83/go-md2man/v2 v2.0.3/go.mod h1:tgQtvFlXSQOSOSIRvRPT7W67SCa46tRHOmNcaadrF8o=
github.com/inconshreveable/mousetrap v1.1.0 h1:wN+x4NVGpMsO7ErUn/mUI3vEoE6Jt13X2s0bqwp9tc8=
github.com/inconshreveable/mousetrap v1.1.0/go.mod h1:vpF70FUmC8bwa3OWnCshd2FqLfsEA9PFc4w1p2J65bw=
github.com/russross/blackfriday/v2 v2.1.0/go.mod h1:+Rmxgy9KzJVeS9/2gXHxylqXiyQDYRxCVz55jmeOWTM=
github.com/spf13/cobra v1.8.0 h1:7aJaZx1B85qltLMc546zn58BxxfZdR/W22ej9CFoEf0=
github.com/spf13/cobra v1.8.0/go.mod h1:WXLWApfZ71AjXPya3WOlMsY9yMs7YeiHhFVlvLyhcho=
github.com/spf13/pflag v1.0.5 h1:iy+VFUOCP1a+8yFto/drg2CJ5u0yRoB7fZw3DKv/JXA=
github.com/spf13/pflag v1.0.5/go.mod h1:McXfInJRrz4CZXVZOBLb0bTZqETkiAhM9Iw0y3An2Bg=
gopkg.in/check.v1 v0.0.0-20161208181325-20d25e280405/go.mod h1:Co6ibVJAznAaIkqp8huTwlJQCZ016jof/cbN4VW5Yz0=
gopkg.in/yaml.v3 v3.0.1/go.mod h1:K4uyk7z7BCEPqu6E+C64Yfv1cQ7kz7rIZviUmN+EgEM=
