github.com/appclacks/go-client v0.0.0-20240601151507-d0a4ad1fc427 h1:aN0VY6sEK9WYDzS8zZjlYhwBbyKPmjFHQsULKsav/XM=
github.com/appclacks/go-client v0.0.0-20240601151507-d0a4ad1fc427/go.mod h1:ZOQEaU5H5BTLZr326dMjvVbB+pdkeRX3emyu4cEq9GU=
github.com/appclacks/go-client v0.0.0-20240601153604-3e5f27cc6056 h1:Iz5NtXS/BjLzgkVqYAB7/TYyskrJ66y6/vVj8HD+nKE=
github.com/appclacks/go-client v0.0.0-20240601153604-3e5f27cc6056/go.mod h1:ZOQEaU5H5BTLZr326dMjvVbB+pdkeRX3emyu4cEq9GU=
github.com/appclacks/go-client v0.0.0-20240601155632-3db1fa07abb0 h1:KV8CRzYMgh6k670Bmcku8SaSgDebIt4CCjszmVUKwuo=
github.com/appclacks/go-client v0.0.0-20240601155632-3db1fa07abb0/go.mod h1:ZOQEaU5H5BTLZr326dMjvVbB+pdkeRX3emyu4cEq9GU=
github.com/appclacks/go-types v0.0.0-20231220132907-2cf47ed6a994 h1:zxgTzkhrdTQ2jdzybr/+kZKOfjECBPHIznbZXBTItwc=
github.com/appclacks/go-types v0.0.0-20231220132907-2cf47ed6a994/go.mod h1:djYgTPlVCW/7sUcPRuqvJOoOKB/uforzYC2Bo2JBPK8=
github.com/cheynewallace/tabby v1.1.1 h1:JvUR8waht4Y0S3JF17G6Vhyt+FRhnqVCkk8l4YrOU54=
github.com/cheynewallace/tabby v1.1.1/go.mod h1:Pba/6cUL8uYqvOc9RkyvFbHGrQ9wShyrn6/S/1OYVys=
github.com/cpuguy83/go-md2man/v2 v2.0.3/go.mod h1:tgQtvFlXSQOSOSIRvRPT7W67SCa46tRHOmNcaadrF8o=
github.com/inconshreveable/mousetrap v1.1.0 h1:wN+x4NVGpMsO7ErUn/mUI3vEoE6Jt13X2s0bqwp9tc8=
github.com/inconshreveable/mousetrap v1.1.0/go.mod h1:vpF70FUmC8bwa3OWnCshd2FqLfsEA9PFc4w1p2J65bw=
github.com/russross/blackfriday/v2 v2.1.0/go.mod h1:+Rmxgy9KzJVeS9/2gXHxylqXiyQDYRxCVz55jmeOWTM=
github.com/spf13/cobra v1.8.0 h1:7aJaZx1B85qltLMc546zn58BxxfZdR/W22ej9CFoEf0=
github.com/spf13/cobra v1.8.0/go.mod h1:WXLWApfZ71AjXPya3WOlMsY9yMs7YeiHhFVlvLyhcho=
github.com/spf13/pflag v1.0.5 h1:iy+VFUOCP1a+8yFto/drg2CJ5u0yRoB7fZw3DKv/JXA=
github.com/spf13/pflag v1.0.5/go.mod h1:McXfInJRrz4CZXVZOBLb0bTZqETkiAhM9Iw0y3An2Bg=
gopkg.in/check.v1 v0.0.0-20161208181325-20d25e280405/go.mod h1:Co6ibVJAznAaIkqp8huTwlJQCZ016jof/cbN4VW5Yz0=
gopkg.in/yaml.v3 v3.0.1/go.mod h1:K4uyk7z7BCEPqu6E+C64Yfv1cQ7kz7rIZviUmN+EgEM=
